
Microsoft Visual Studio Solution File, Format Version 12.00
# Visual Studio Version 16
VisualStudioVersion = 16.0.30503.244
MinimumVisualStudioVersion = 10.0.40219.1
Project("{FAE04EC0-301F-11D3-BF4B-00C04F79EFBC}") = "AutoServiceWeb", "AutoServiceWeb\AutoServiceWeb.csproj", "{ECEC9ECF-F81C-495D-B0CB-EA723F4F56F9}"
EndProject
Global
	GlobalSection(SolutionConfigurationPlatforms) = preSolution
		Debug|Any CPU = Debug|Any CPU
		Release|Any CPU = Release|Any CPU
	EndGlobalSection
	GlobalSection(ProjectConfigurationPlatforms) = postSolution
		{ECEC9ECF-F81C-495D-B0CB-EA723F4F56F9}.Debug|Any CPU.ActiveCfg = Debug|Any CPU
		{ECEC9ECF-F81C-495D-B0CB-EA723F4F56F9}.Debug|Any CPU.Build.0 = Debug|Any CPU
		{ECEC9ECF-F81C-495D-B0CB-EA723F4F56F9}.Release|Any CPU.ActiveCfg = Release|Any CPU
		{ECEC9ECF-F81C-495D-B0CB-EA723F4F56F9}.Release|Any CPU.Build.0 = Release|Any CPU
	EndGlobalSection
	GlobalSection(SolutionProperties) = preSolution
		HideSolutionNode = FALSE
	EndGlobalSection
	GlobalSection(ExtensibilityGlobals) = postSolution
		SolutionGuid = {BD6E7946-2035-48A9-B81B-ADE6753C1EF2}
	EndGlobalSection
EndGlobal
